{
  "version": 4,
  "terraform_version": "1.7.5",
  "serial": 5,
  "lineage": "67bf2bd8-2e4e-f2bb-e52a-668b0eef443f",
  "outputs": {
    "kube_config": {
      "value": null,
      "type": "string",
      "sensitive": true
    }
  },
  "resources": [
    {
      "mode": "managed",
      "type": "azurerm_log_analytics_workspace",
      "name": "aks_workspace",
      "provider": "provider[\"registry.terraform.io/hashicorp/azurerm\"]",
      "instances": [
        {
          "schema_version": 3,
          "attributes": {
            "allow_resource_only_permissions": true,
            "cmk_for_query_forced": false,
            "daily_quota_gb": -1,
            "data_collection_rule_id": "",
            "id": "/subscriptions/b594b554-243c-4a39-8ef3-bd8a06d57898/resourceGroups/aks-rg/providers/Microsoft.OperationalInsights/workspaces/aks-monitor-workspace",
            "identity": [],
            "immediate_data_purge_on_30_days_enabled": false,
            "internet_ingestion_enabled": true,
            "internet_query_enabled": true,
            "local_authentication_disabled": true,
            "local_authentication_enabled": false,
            "location": "centralindia",
            "name": "aks-monitor-workspace",
            "primary_shared_key": "38YXe8fv23R/hlLfrVYk/TX/UXeCU/oqdpA5z+1reBjkLLgxo3y6QzWjbzD6zNlGIyyvYbQ+m+72ZyzlHo/cYg==",
            "reservation_capacity_in_gb_per_day": null,
            "resource_group_name": "aks-rg",
            "retention_in_days": 30,
            "secondary_shared_key": "lGh9OiHTPGQyR3VTXBScSzoKWtsd5N0ARXD1hUfBkxQjc3DEKFoQ//qmznqDkO9l9Y3xEYJWrdi1Ty5Vytuqiw==",
            "sku": "PerGB2018",
            "tags": null,
            "timeouts": null,
            "workspace_id": "b526f066-a682-4795-8ca7-c362eec1aaaf"
          },
          "sensitive_attributes": [],
          "private": "eyJlMmJmYjczMC1lY2FhLTExZTYtOGY4OC0zNDM2M2JjN2M0YzAiOnsiY3JlYXRlIjoxODAwMDAwMDAwMDAwLCJkZWxldGUiOjE4MDAwMDAwMDAwMDAsInJlYWQiOjMwMDAwMDAwMDAwMCwidXBkYXRlIjoxODAwMDAwMDAwMDAwfSwic2NoZW1hX3ZlcnNpb24iOiIzIn0=",
          "dependencies": [
            "azurerm_resource_group.aks_rg"
          ]
        }
      ]
    },
    {
      "mode": "managed",
      "type": "azurerm_resource_group",
      "name": "aks_rg",
      "provider": "provider[\"registry.terraform.io/hashicorp/azurerm\"]",
      "instances": [
        {
          "schema_version": 0,
          "attributes": {
            "id": "/subscriptions/b594b554-243c-4a39-8ef3-bd8a06d57898/resourceGroups/aks-rg",
            "location": "centralindia",
            "managed_by": "",
            "name": "aks-rg",
            "tags": {},
            "timeouts": null
          },
          "sensitive_attributes": [],
          "private": "eyJlMmJmYjczMC1lY2FhLTExZTYtOGY4OC0zNDM2M2JjN2M0YzAiOnsiY3JlYXRlIjo1NDAwMDAwMDAwMDAwLCJkZWxldGUiOjU0MDAwMDAwMDAwMDAsInJlYWQiOjMwMDAwMDAwMDAwMCwidXBkYXRlIjo1NDAwMDAwMDAwMDAwfSwic2NoZW1hX3ZlcnNpb24iOiIwIn0="
        }
      ]
    }
  ],
  "check_results": null
}
